
Microsoft Visual Studio Solution File, Format Version 12.00
# Visual Studio Version 17
VisualStudioVersion = 17.3.32901.215
MinimumVisualStudioVersion = 10.0.40219.1
Project("{F184B08F-C81C-45F6-A57F-5ABD9991F28F}") = "MidTerm Project", "MidTerm Project\MidTerm Project.vbproj", "{E7D75B6F-1EB8-4561-A6BE-24F2FD2B90C7}"
EndProject
Global
	GlobalSection(SolutionConfigurationPlatforms) = preSolution
		Debug|Any CPU = Debug|Any CPU
		Release|Any CPU = Release|Any CPU
	EndGlobalSection
	GlobalSection(ProjectConfigurationPlatforms) = postSolution
		{E7D75B6F-1EB8-4561-A6BE-24F2FD2B90C7}.Debug|Any CPU.ActiveCfg = Debug|Any CPU
		{E7D75B6F-1EB8-4561-A6BE-24F2FD2B90C7}.Debug|Any CPU.Build.0 = Debug|Any CPU
		{E7D75B6F-1EB8-4561-A6BE-24F2FD2B90C7}.Release|Any CPU.ActiveCfg = Release|Any CPU
		{E7D75B6F-1EB8-4561-A6BE-24F2FD2B90C7}.Release|Any CPU.Build.0 = Release|Any CPU
	EndGlobalSection
	GlobalSection(SolutionProperties) = preSolution
		HideSolutionNode = FALSE
	EndGlobalSection
	GlobalSection(ExtensibilityGlobals) = postSolution
		SolutionGuid = {0034F4F1-DC1E-4908-99D4-7FC61384FBCC}
	EndGlobalSection
EndGlobal
